
Microsoft Visual Studio Solution File, Format Version 12.00
# Visual Studio Version 17
VisualStudioVersion = 17.2.32602.215
MinimumVisualStudioVersion = 10.0.40219.1
Project("{FAE04EC0-301F-11D3-BF4B-00C04F79EFBC}") = "GetSqlSchema", "GetSqlSchema\GetSqlSchema.csproj", "{40C0942F-829D-41BC-9209-0644A948BBFD}"
EndProject
Global
	GlobalSection(SolutionConfigurationPlatforms) = preSolution
		Debug|Any CPU = Debug|Any CPU
		Release|Any CPU = Release|Any CPU
	EndGlobalSection
	GlobalSection(ProjectConfigurationPlatforms) = postSolution
		{40C0942F-829D-41BC-9209-0644A948BBFD}.Debug|Any CPU.ActiveCfg = Debug|Any CPU
		{40C0942F-829D-41BC-9209-0644A948BBFD}.Debug|Any CPU.Build.0 = Debug|Any CPU
		{40C0942F-829D-41BC-9209-0644A948BBFD}.Release|Any CPU.ActiveCfg = Release|Any CPU
		{40C0942F-829D-41BC-9209-0644A948BBFD}.Release|Any CPU.Build.0 = Release|Any CPU
	EndGlobalSection
	GlobalSection(SolutionProperties) = preSolution
		HideSolutionNode = FALSE
	EndGlobalSection
	GlobalSection(ExtensibilityGlobals) = postSolution
		SolutionGuid = {2C2CB5C5-2D86-4209-8234-AB1AE15BC913}
	EndGlobalSection
EndGlobal
